
Microsoft Visual Studio Solution File, Format Version 12.00
# Visual Studio 15
VisualStudioVersion = 15.0.28010.2036
MinimumVisualStudioVersion = 10.0.40219.1
Project("{FAE04EC0-301F-11D3-BF4B-00C04F79EFBC}") = "1.3IdLikeToByAVowel_BlakeShaw", "1.3IdLikeToByAVowel_BlakeShaw\1.3IdLikeToByAVowel_BlakeShaw.csproj", "{CA318C3A-A018-401B-A80B-ABAC3C4D5652}"
EndProject
Global
	GlobalSection(SolutionConfigurationPlatforms) = preSolution
		Debug|Any CPU = Debug|Any CPU
		Release|Any CPU = Release|Any CPU
	EndGlobalSection
	GlobalSection(ProjectConfigurationPlatforms) = postSolution
		{CA318C3A-A018-401B-A80B-ABAC3C4D5652}.Debug|Any CPU.ActiveCfg = Debug|Any CPU
		{CA318C3A-A018-401B-A80B-ABAC3C4D5652}.Debug|Any CPU.Build.0 = Debug|Any CPU
		{CA318C3A-A018-401B-A80B-ABAC3C4D5652}.Release|Any CPU.ActiveCfg = Release|Any CPU
		{CA318C3A-A018-401B-A80B-ABAC3C4D5652}.Release|Any CPU.Build.0 = Release|Any CPU
	EndGlobalSection
	GlobalSection(SolutionProperties) = preSolution
		HideSolutionNode = FALSE
	EndGlobalSection
	GlobalSection(ExtensibilityGlobals) = postSolution
		SolutionGuid = {6F66BCD7-4E3B-4B29-A9F1-68BDA1A0C51E}
	EndGlobalSection
EndGlobal
