
Microsoft Visual Studio Solution File, Format Version 12.00
# Visual Studio 15
VisualStudioVersion = 15.0.28010.2046
MinimumVisualStudioVersion = 10.0.40219.1
Project("{FAE04EC0-301F-11D3-BF4B-00C04F79EFBC}") = "6.1PutMeOnTheList_BlakeShaw", "6.1PutMeOnTheList_BlakeShaw\6.1PutMeOnTheList_BlakeShaw.csproj", "{0C211BB9-BC21-461E-B3D8-328F2E9F9BE8}"
EndProject
Global
	GlobalSection(SolutionConfigurationPlatforms) = preSolution
		Debug|Any CPU = Debug|Any CPU
		Release|Any CPU = Release|Any CPU
	EndGlobalSection
	GlobalSection(ProjectConfigurationPlatforms) = postSolution
		{0C211BB9-BC21-461E-B3D8-328F2E9F9BE8}.Debug|Any CPU.ActiveCfg = Debug|Any CPU
		{0C211BB9-BC21-461E-B3D8-328F2E9F9BE8}.Debug|Any CPU.Build.0 = Debug|Any CPU
		{0C211BB9-BC21-461E-B3D8-328F2E9F9BE8}.Release|Any CPU.ActiveCfg = Release|Any CPU
		{0C211BB9-BC21-461E-B3D8-328F2E9F9BE8}.Release|Any CPU.Build.0 = Release|Any CPU
	EndGlobalSection
	GlobalSection(SolutionProperties) = preSolution
		HideSolutionNode = FALSE
	EndGlobalSection
	GlobalSection(ExtensibilityGlobals) = postSolution
		SolutionGuid = {5FDEB263-3D2B-4A63-954B-448A7C0F2C76}
	EndGlobalSection
EndGlobal
